<?xml version="1.0" encoding="utf-8"?>
<Project ToolsVersion="4.0" xmlns="http://schemas.microsoft.com/developer/msbuild/2003">
  <ItemGroup>
    <Filter Include="소스 파일">
      <UniqueIdentifier>{4FC737F1-C7A5-4376-A066-2A32D752A2FF}</UniqueIdentifier>
      <Extensions>cpp;c;cc;cxx;c++;cppm;ixx;def;odl;idl;hpj;bat;asm;asmx</Extensions>
    </Filter>
    <Filter Include="헤더 파일">
      <UniqueIdentifier>{93995380-89BD-4b04-88EB-625FBE52EBFB}</UniqueIdentifier>
      <Extensions>h;hh;hpp;hxx;h++;hm;inl;inc;ipp;xsd</Extensions>
    </Filter>
    <Filter Include="리소스 파일">
      <UniqueIdentifier>{67DA6AB6-F800-4c08-8B7A-83BB121AAD01}</UniqueIdentifier>
      <Extensions>rc;ico;cur;bmp;dlg;rc2;rct;bin;rgs;gif;jpg;jpeg;jpe;resx;tiff;tif;png;wav;mfcribbon-ms</Extensions>
    </Filter>
    <Filter Include="소스 파일\1. c++ 분석">
      <UniqueIdentifier>{95296337-5126-4d34-9405-6f152664b423}</UniqueIdentifier>
    </Filter>
    <Filter Include="소스 파일\2. 참조자%28레퍼런스%29의 도입">
      <UniqueIdentifier>{f66c92fe-8bdc-4b02-93f2-425971d7a0cf}</UniqueIdentifier>
    </Filter>
    <Filter Include="소스 파일\3. new, delete">
      <UniqueIdentifier>{454f4725-c1b6-4c54-842e-41885f6f7cb9}</UniqueIdentifier>
    </Filter>
    <Filter Include="소스 파일\4 - 1. 객체지향 프로그래밍">
      <UniqueIdentifier>{feac96bc-e030-4b0f-9833-2be8569c396e}</UniqueIdentifier>
    </Filter>
    <Filter Include="소스 파일\4 - 3. 복사 생성자, 소멸자">
      <UniqueIdentifier>{4bb3e1bb-4acf-478e-a87c-970bd6cd08d5}</UniqueIdentifier>
    </Filter>
    <Filter Include="소스 파일\4 - 2. 함수의 오버로딩, 생성자">
      <UniqueIdentifier>{088a8187-2a01-4ce8-a1be-46f4114e7f0f}</UniqueIdentifier>
    </Filter>
    <Filter Include="소스 파일\4 - 4. const, static">
      <UniqueIdentifier>{ba6acbfb-ee00-4c35-8ea6-456e8013371f}</UniqueIdentifier>
    </Filter>
    <Filter Include="소스 파일\4 - 5. 내가 만드는 String 클래스">
      <UniqueIdentifier>{38a91133-0f36-4e3f-92f1-cf3a60361551}</UniqueIdentifier>
    </Filter>
    <Filter Include="소스 파일\4 - 6. explicit, mutable">
      <UniqueIdentifier>{f3cce595-59b1-4081-983d-a3c61a9fc9ab}</UniqueIdentifier>
    </Filter>
    <Filter Include="소스 파일\5 - 1. 연산자 오버로딩">
      <UniqueIdentifier>{b8d3d29e-64d4-46dd-bf8e-561a5bd88d92}</UniqueIdentifier>
    </Filter>
    <Filter Include="소스 파일\5 - 2. 입출력, 첨자, 타입변환, 증감 연산자 오버로딩">
      <UniqueIdentifier>{a06f587f-16b1-4727-a391-87ef64e21a8d}</UniqueIdentifier>
    </Filter>
    <Filter Include="소스 파일\5 - 3. 연산자 오버로딩 프로젝트">
      <UniqueIdentifier>{8acc3a1f-b538-44e0-b6c7-43d4ce32de74}</UniqueIdentifier>
    </Filter>
    <Filter Include="소스 파일\6 - 1. 상속">
      <UniqueIdentifier>{804625e8-7dff-4c1e-a85d-cae22f08d80f}</UniqueIdentifier>
    </Filter>
    <Filter Include="소스 파일\6 - 2. 가상 함수와 다형성">
      <UniqueIdentifier>{fad178b3-0e60-4c44-9921-aa1c45114996}</UniqueIdentifier>
    </Filter>
    <Filter Include="소스 파일\6 - 3. 가상 함수와 상속">
      <UniqueIdentifier>{a11fe4cf-0223-4e2a-bba3-c50d42e9647d}</UniqueIdentifier>
    </Filter>
    <Filter Include="소스 파일\7 - 1. istream, ostream">
      <UniqueIdentifier>{34d7e55d-3565-430b-b1a5-ee31a50abb05}</UniqueIdentifier>
    </Filter>
    <Filter Include="소스 파일\7 - 2. ifstream, ofstream, stringstream">
      <UniqueIdentifier>{1a1b784a-df14-42fe-992e-53fc6c2f140f}</UniqueIdentifier>
    </Filter>
    <Filter Include="소스 파일\8 - 1. Excel 1">
      <UniqueIdentifier>{1ea15195-038b-4f9c-a2c1-af0e1e73af5a}</UniqueIdentifier>
    </Filter>
    <Filter Include="소스 파일\9 - 1. C++ template">
      <UniqueIdentifier>{30e50e70-1573-4028-9024-45401eaa60ae}</UniqueIdentifier>
    </Filter>
    <Filter Include="소스 파일\9 - 2. 가변 길이 템플릿%28Variadic template%29">
      <UniqueIdentifier>{bb3521a0-d708-4348-93e6-c364b4820c68}</UniqueIdentifier>
    </Filter>
    <Filter Include="소스 파일\9 - 3. 템플릿 메타 프로그래밍%28Template Meta programming%29">
      <UniqueIdentifier>{8fb712cc-2f0c-47e5-870d-2703a6bac9af}</UniqueIdentifier>
    </Filter>
    <Filter Include="소스 파일\9 - 4. 템플릿 메타 프로그래밍 2%28Template Meta Programming 2%29">
      <UniqueIdentifier>{ff4dfd17-b047-4167-b22b-adefbc6c1693}</UniqueIdentifier>
    </Filter>
    <Filter Include="소스 파일\10 - 2. STL set, map, unordered_set, unordered_map">
      <UniqueIdentifier>{c653b31a-b366-4ad0-ad80-4d60df7f5938}</UniqueIdentifier>
    </Filter>
    <Filter Include="소스 파일\10 - 1. STL vector, list, deque">
      <UniqueIdentifier>{0ab6c54a-8716-4e5c-a4d2-7803f50834c9}</UniqueIdentifier>
    </Filter>
    <Filter Include="소스 파일\12 - 1. rvalue reference, move constructor">
      <UniqueIdentifier>{9616a2bd-0652-4bd8-bd94-543ac76bd502}</UniqueIdentifier>
    </Filter>
    <Filter Include="소스 파일\14. function">
      <UniqueIdentifier>{9e9b548b-e79a-475c-80be-781f662322b6}</UniqueIdentifier>
    </Filter>
  </ItemGroup>
  <ItemGroup>
    <ClCompile Include="1. 1. namespace.cpp">
      <Filter>소스 파일\1. c++ 분석</Filter>
    </ClCompile>
    <ClCompile Include="1. 2. 이름 없는 이름 공간.cpp">
      <Filter>소스 파일\1. c++ 분석</Filter>
    </ClCompile>
    <ClCompile Include="2. 1. 참조자의 도입.cpp">
      <Filter>소스 파일\2. 참조자%28레퍼런스%29의 도입</Filter>
    </ClCompile>
    <ClCompile Include="2. 2. 배열의 레퍼런스.cpp">
      <Filter>소스 파일\2. 참조자%28레퍼런스%29의 도입</Filter>
    </ClCompile>
    <ClCompile Include="2. 3. 레퍼런스를 리턴하는 함수.cpp">
      <Filter>소스 파일\2. 참조자%28레퍼런스%29의 도입</Filter>
    </ClCompile>
    <ClCompile Include="3. 1. new로 배열 할당하기.cpp">
      <Filter>소스 파일\3. new, delete</Filter>
    </ClCompile>
    <ClCompile Include="3. 2. 돌아온 마이펫.cpp">
      <Filter>소스 파일\3. new, delete</Filter>
    </ClCompile>
    <ClCompile Include="4 - 1. 1. 클래스.cpp">
      <Filter>소스 파일\4 - 1. 객체지향 프로그래밍</Filter>
    </ClCompile>
    <ClCompile Include="4 - 2. 1. 함수의 오버로딩.cpp">
      <Filter>소스 파일\4 - 2. 함수의 오버로딩, 생성자</Filter>
    </ClCompile>
    <ClCompile Include="4 - 2. 2. Date 클래스.cpp">
      <Filter>소스 파일\4 - 2. 함수의 오버로딩, 생성자</Filter>
    </ClCompile>
    <ClCompile Include="4 - 2. 3. 생성자.cpp">
      <Filter>소스 파일\4 - 2. 함수의 오버로딩, 생성자</Filter>
    </ClCompile>
    <ClCompile Include="4 - 2. 4. 디폴트 생성자.cpp">
      <Filter>소스 파일\4 - 2. 함수의 오버로딩, 생성자</Filter>
    </ClCompile>
    <ClCompile Include="4 - 2. 5. 생성자 오버로딩.cpp">
      <Filter>소스 파일\4 - 2. 함수의 오버로딩, 생성자</Filter>
    </ClCompile>
    <ClCompile Include="4 - 3. 1. 스타크래프트 만들기.cpp">
      <Filter>소스 파일\4 - 3. 복사 생성자, 소멸자</Filter>
    </ClCompile>
    <ClCompile Include="4 - 3. 2. 소멸자.cpp">
      <Filter>소스 파일\4 - 3. 복사 생성자, 소멸자</Filter>
    </ClCompile>
    <ClCompile Include="4 - 3. 3. 복사 생성자.cpp">
      <Filter>소스 파일\4 - 3. 복사 생성자, 소멸자</Filter>
    </ClCompile>
    <ClCompile Include="4 - 3. 4. 디폴트 복사 생성자의 한계.cpp">
      <Filter>소스 파일\4 - 3. 복사 생성자, 소멸자</Filter>
    </ClCompile>
    <ClCompile Include="생성자의 초기화 리스트(initializer list).cpp">
      <Filter>소스 파일\4 - 4. const, static</Filter>
    </ClCompile>
    <ClCompile Include="생성된 총 Marine 수 세기(static).cpp">
      <Filter>소스 파일\4 - 4. const, static</Filter>
    </ClCompile>
    <ClCompile Include="this.cpp">
      <Filter>소스 파일\4 - 4. const, static</Filter>
    </ClCompile>
    <ClCompile Include="레퍼런스를 리턴하는 함수 2.cpp">
      <Filter>소스 파일\4 - 4. const, static</Filter>
    </ClCompile>
    <ClCompile Include="const 함수.cpp">
      <Filter>소스 파일\4 - 4. const, static</Filter>
    </ClCompile>
    <ClCompile Include="문자열 클래스를 만들자.cpp">
      <Filter>소스 파일\4 - 5. 내가 만드는 String 클래스</Filter>
    </ClCompile>
    <ClCompile Include="explicit.cpp">
      <Filter>소스 파일\4 - 6. explicit, mutable</Filter>
    </ClCompile>
    <ClCompile Include="mutable.cpp">
      <Filter>소스 파일\4 - 6. explicit, mutable</Filter>
    </ClCompile>
    <ClCompile Include="== 연산자 오버로딩.cpp">
      <Filter>소스 파일\5 - 1. 연산자 오버로딩</Filter>
    </ClCompile>
    <ClCompile Include="Complex number 클래스.cpp">
      <Filter>소스 파일\5 - 1. 연산자 오버로딩</Filter>
    </ClCompile>
    <ClCompile Include="문자열로 Complex 수와 덧셈하기.cpp">
      <Filter>소스 파일\5 - 1. 연산자 오버로딩</Filter>
    </ClCompile>
    <ClCompile Include="friend 키워드.cpp">
      <Filter>소스 파일\5 - 2. 입출력, 첨자, 타입변환, 증감 연산자 오버로딩</Filter>
    </ClCompile>
    <ClCompile Include="이항 연산자.cpp">
      <Filter>소스 파일\5 - 2. 입출력, 첨자, 타입변환, 증감 연산자 오버로딩</Filter>
    </ClCompile>
    <ClCompile Include="입출력 연산자 오버로딩 하기.cpp">
      <Filter>소스 파일\5 - 2. 입출력, 첨자, 타입변환, 증감 연산자 오버로딩</Filter>
    </ClCompile>
    <ClCompile Include="첨자 연산자 (operator[]).cpp">
      <Filter>소스 파일\5 - 2. 입출력, 첨자, 타입변환, 증감 연산자 오버로딩</Filter>
    </ClCompile>
    <ClCompile Include="int Wrapper 클래스 - 타입 변환 연산자.cpp">
      <Filter>소스 파일\5 - 2. 입출력, 첨자, 타입변환, 증감 연산자 오버로딩</Filter>
    </ClCompile>
    <ClCompile Include="전위, 후위 증감 연산자.cpp">
      <Filter>소스 파일\5 - 2. 입출력, 첨자, 타입변환, 증감 연산자 오버로딩</Filter>
    </ClCompile>
    <ClCompile Include="C++ 스타일의 캐스팅.cpp">
      <Filter>소스 파일\5 - 3. 연산자 오버로딩 프로젝트</Filter>
    </ClCompile>
    <ClCompile Include="N차원 배열 만들기.cpp">
      <Filter>소스 파일\5 - 3. 연산자 오버로딩 프로젝트</Filter>
    </ClCompile>
    <ClCompile Include="표준 string 클래스.cpp">
      <Filter>소스 파일\6 - 1. 상속</Filter>
    </ClCompile>
    <ClCompile Include="사원 관리 프로그램.cpp">
      <Filter>소스 파일\6 - 1. 상속</Filter>
    </ClCompile>
    <ClCompile Include="상속 (Inheritance).cpp">
      <Filter>소스 파일\6 - 1. 상속</Filter>
    </ClCompile>
    <ClCompile Include="오버라이딩.cpp">
      <Filter>소스 파일\6 - 2. 가상 함수와 다형성</Filter>
    </ClCompile>
    <ClCompile Include="virtual 키워드.cpp">
      <Filter>소스 파일\6 - 2. 가상 함수와 다형성</Filter>
    </ClCompile>
    <ClCompile Include="override 키워드.cpp">
      <Filter>소스 파일\6 - 2. 가상 함수와 다형성</Filter>
    </ClCompile>
    <ClCompile Include="Employee 문제.cpp">
      <Filter>소스 파일\6 - 2. 가상 함수와 다형성</Filter>
    </ClCompile>
    <ClCompile Include="virtual 소멸자.cpp">
      <Filter>소스 파일\6 - 3. 가상 함수와 상속</Filter>
    </ClCompile>
    <ClCompile Include="레퍼런스로 상속.cpp">
      <Filter>소스 파일\6 - 3. 가상 함수와 상속</Filter>
    </ClCompile>
    <ClCompile Include="순수 가상 함수(pure virtual function)와 추상 클래스(abstract class).cpp">
      <Filter>소스 파일\6 - 3. 가상 함수와 상속</Filter>
    </ClCompile>
    <ClCompile Include="다중 상속(multiple inheritance).cpp">
      <Filter>소스 파일\6 - 3. 가상 함수와 상속</Filter>
    </ClCompile>
    <ClCompile Include="istream 클래스.cpp">
      <Filter>소스 파일\7 - 1. istream, ostream</Filter>
    </ClCompile>
    <ClCompile Include="형식 플래그와 조작자.cpp">
      <Filter>소스 파일\7 - 1. istream, ostream</Filter>
    </ClCompile>
    <ClCompile Include="스트림 버퍼.cpp">
      <Filter>소스 파일\7 - 1. istream, ostream</Filter>
    </ClCompile>
    <ClCompile Include="fstream.cpp">
      <Filter>소스 파일\7 - 2. ifstream, ofstream, stringstream</Filter>
    </ClCompile>
    <ClCompile Include="utils.cpp">
      <Filter>소스 파일\8 - 1. Excel 1</Filter>
    </ClCompile>
    <ClCompile Include="Cell.cpp">
      <Filter>소스 파일\8 - 1. Excel 1</Filter>
    </ClCompile>
    <ClCompile Include="Table.cpp">
      <Filter>소스 파일\8 - 1. Excel 1</Filter>
    </ClCompile>
    <ClCompile Include="Table_TxtTable.cpp">
      <Filter>소스 파일\8 - 1. Excel 1</Filter>
    </ClCompile>
    <ClCompile Include="파일 전체 읽기.cpp">
      <Filter>소스 파일\7 - 2. ifstream, ofstream, stringstream</Filter>
    </ClCompile>
    <ClCompile Include="9 - 1. 1. C++ template.cpp">
      <Filter>소스 파일\9 - 1. C++ template</Filter>
    </ClCompile>
    <ClCompile Include="9 - 1. 2. 템플릿 특수화%28template specialization%29.cpp">
      <Filter>소스 파일\9 - 1. C++ template</Filter>
    </ClCompile>
    <ClCompile Include="9 - 1. 3. 함수 템플릿%28Function template%29.cpp">
      <Filter>소스 파일\9 - 1. C++ template</Filter>
    </ClCompile>
    <ClCompile Include="9 - 1. 4. 함수 객체%28funtion object functor%29의 도입cpp.cpp">
      <Filter>소스 파일\9 - 1. C++ template</Filter>
    </ClCompile>
    <ClCompile Include="9 - 1. 5. 타입이 아닌 템플릿 인자%28non-type template arguments%29.cpp">
      <Filter>소스 파일\9 - 1. C++ template</Filter>
    </ClCompile>
    <ClCompile Include="9 - 1. 6. 디폴트 템플릿 인자.cpp">
      <Filter>소스 파일\9 - 1. C++ template</Filter>
    </ClCompile>
    <ClCompile Include="9 - 2. 1. 가변 길이 템플릿.cpp">
      <Filter>소스 파일\9 - 2. 가변 길이 템플릿%28Variadic template%29</Filter>
    </ClCompile>
    <ClCompile Include="9 - 2. 2. 임의의 개수의 문자열을 합치는 함수.cpp">
      <Filter>소스 파일\9 - 2. 가변 길이 템플릿%28Variadic template%29</Filter>
    </ClCompile>
    <ClCompile Include="9 - 2. 3. sizeof.cpp">
      <Filter>소스 파일\9 - 2. 가변 길이 템플릿%28Variadic template%29</Filter>
    </ClCompile>
    <ClCompile Include="9 - 3. 1. 나만의 array 구현.cpp">
      <Filter>소스 파일\9 - 3. 템플릿 메타 프로그래밍%28Template Meta programming%29</Filter>
    </ClCompile>
    <ClCompile Include="9 - 3. 3. 템플릿 메타 프로그래밍 %28Template Meta Programming%29.cpp">
      <Filter>소스 파일\9 - 3. 템플릿 메타 프로그래밍%28Template Meta programming%29</Filter>
    </ClCompile>
    <ClCompile Include="9 - 3. 2. typedef.cpp">
      <Filter>소스 파일\9 - 3. 템플릿 메타 프로그래밍%28Template Meta programming%29</Filter>
    </ClCompile>
    <ClCompile Include="9 - 3. 4. 유클리드 호제법%28gcd%29.cpp">
      <Filter>소스 파일\9 - 3. 템플릿 메타 프로그래밍%28Template Meta programming%29</Filter>
    </ClCompile>
    <ClCompile Include="is_prime.cpp">
      <Filter>소스 파일\9 - 4. 템플릿 메타 프로그래밍 2%28Template Meta Programming 2%29</Filter>
    </ClCompile>
    <ClCompile Include="반복자(iterator).cpp">
      <Filter>소스 파일\10 - 1. STL vector, list, deque</Filter>
    </ClCompile>
    <ClCompile Include="const_iterator.cpp">
      <Filter>소스 파일\10 - 1. STL vector, list, deque</Filter>
    </ClCompile>
    <ClCompile Include="reverse_iterator.cpp">
      <Filter>소스 파일\10 - 1. STL vector, list, deque</Filter>
    </ClCompile>
    <ClCompile Include="범위 기반 for문.cpp">
      <Filter>소스 파일\10 - 1. STL vector, list, deque</Filter>
    </ClCompile>
    <ClCompile Include="리스트(list).cpp">
      <Filter>소스 파일\10 - 1. STL vector, list, deque</Filter>
    </ClCompile>
    <ClCompile Include="덱(deque).cpp">
      <Filter>소스 파일\10 - 1. STL vector, list, deque</Filter>
    </ClCompile>
    <ClCompile Include="10 - 2. 1. 셋%28set%29.cpp">
      <Filter>소스 파일\10 - 2. STL set, map, unordered_set, unordered_map</Filter>
    </ClCompile>
    <ClCompile Include="10 - 2. 2. class in set.cpp">
      <Filter>소스 파일\10 - 2. STL set, map, unordered_set, unordered_map</Filter>
    </ClCompile>
    <ClCompile Include="9 - 2. 4. Fold Expression.cpp">
      <Filter>소스 파일\9 - 2. 가변 길이 템플릿%28Variadic template%29</Filter>
    </ClCompile>
    <ClCompile Include="10 - 2. 3. 맵(map).cpp">
      <Filter>소스 파일\10 - 2. STL set, map, unordered_set, unordered_map</Filter>
    </ClCompile>
    <ClCompile Include="10 - 2. 4. multiset, multimap.cpp">
      <Filter>소스 파일\10 - 2. STL set, map, unordered_set, unordered_map</Filter>
    </ClCompile>
    <ClCompile Include="10 - 2. 5. unordered_set, unordered_map.cpp">
      <Filter>소스 파일\10 - 2. STL set, map, unordered_set, unordered_map</Filter>
    </ClCompile>
    <ClCompile Include="10 - 2. 6. using hash.cpp">
      <Filter>소스 파일\10 - 2. STL set, map, unordered_set, unordered_map</Filter>
    </ClCompile>
    <ClCompile Include="12 - 1. 1. 복사 생략(Copy Elision).cpp">
      <Filter>소스 파일\12 - 1. rvalue reference, move constructor</Filter>
    </ClCompile>
    <ClCompile Include="12 - 1. 2. lvalue, rvalue.cpp">
      <Filter>소스 파일\12 - 1. rvalue reference, move constructor</Filter>
    </ClCompile>
    <ClCompile Include="12 - 1. 3. 우측값 레퍼런스(rvalue reference).cpp">
      <Filter>소스 파일\12 - 1. rvalue reference, move constructor</Filter>
    </ClCompile>
    <ClCompile Include="14. 1. callable.cpp">
      <Filter>소스 파일\14. function</Filter>
    </ClCompile>
    <ClCompile Include="14. 2. std function 1.cpp">
      <Filter>소스 파일\14. function</Filter>
    </ClCompile>
    <ClCompile Include="14. 3. std function 2.cpp">
      <Filter>소스 파일\14. function</Filter>
    </ClCompile>
    <ClCompile Include="14. 4. mem_fn.cpp">
      <Filter>소스 파일\14. function</Filter>
    </ClCompile>
    <ClCompile Include="14. 5. bind.cpp">
      <Filter>소스 파일\14. function</Filter>
    </ClCompile>
  </ItemGroup>
  <ItemGroup>
    <ClInclude Include="utils.h">
      <Filter>소스 파일\8 - 1. Excel 1</Filter>
    </ClInclude>
    <ClInclude Include="Cell.h">
      <Filter>소스 파일\8 - 1. Excel 1</Filter>
    </ClInclude>
    <ClInclude Include="Table.h">
      <Filter>소스 파일\8 - 1. Excel 1</Filter>
    </ClInclude>
    <ClInclude Include="Table_TxtTable.h">
      <Filter>소스 파일\8 - 1. Excel 1</Filter>
    </ClInclude>
  </ItemGroup>
</Project>